{
  "name": "flightdeck",
  "version": "0.1.0",
  "lockfileVersion": 3,
  "requires": true,
  "packages": {
    "": {
      "name": "flightdeck",
      "version": "0.1.0",
      "license": "SEE LICENSE IN LICENSE",
      "dependencies": {
        "node-roon-api": "https://codeload.github.com/roonlabs/node-roon-api/tar.gz/055dae6c2ac45b6c738aa3b9e5ac1fd722ed60e8",
        "node-roon-api-browse": "https://codeload.github.com/roonlabs/node-roon-api-browse/tar.gz/98adcbaba3a30fd6ce109c1f04cd361536143222",
        "node-roon-api-settings": "https://codeload.github.com/roonlabs/node-roon-api-settings/tar.gz/67cd8ca156c5bcd01ea63833ceaaec6d6a79654d",
        "node-roon-api-transport": "https://codeload.github.com/roonlabs/node-roon-api-transport/tar.gz/2ee60008a4cdb90c34ff3de58bb4b949067f1d20"
      },
      "engines": {
        "node": ">=24"
      }
    },
    "node_modules/node-roon-api": {
      "version": "1.2.3",
      "resolved": "https://codeload.github.com/roonlabs/node-roon-api/tar.gz/055dae6c2ac45b6c738aa3b9e5ac1fd722ed60e8",
      "integrity": "sha512-f/H0Fg5wr46HDjbbTz7MtcPOC9LeaxdAtUdkIocB3xfgRI1VyEbRlyF0jCr6g9/OF4muz5RvoauHu5fEGNT/aw==",
      "license": "Apache-2.0",
      "dependencies": {
        "node-uuid": "^1.4.7",
        "ws": ">=3.3.1"
      }
    },
    "node_modules/node-roon-api-browse": {
      "version": "1.0.0",
      "resolved": "https://codeload.github.com/roonlabs/node-roon-api-browse/tar.gz/98adcbaba3a30fd6ce109c1f04cd361536143222",
      "integrity": "sha512-+3UPtHIlSGmI6aY376bfwxHiEqXNN2l6mCua8DABE7qr80fvMisWMfTfnCFwi7tdC/n5uIgFONmLaKl4Ffg9+A==",
      "license": "Apache-2.0"
    },
    "node_modules/node-roon-api-settings": {
      "version": "1.0.0",
      "resolved": "https://codeload.github.com/roonlabs/node-roon-api-settings/tar.gz/67cd8ca156c5bcd01ea63833ceaaec6d6a79654d",
      "integrity": "sha512-FPuXBFaehDJk1+d0sSoXqAasXn+qH5dSWoEIU4lvG0DbqAqKjETRn8b5do1ve73OFbZ4tGawJpJDGtbC6EEngA==",
      "license": "Apache-2.0"
    },
    "node_modules/node-roon-api-transport": {
      "version": "2.0.1",
      "resolved": "https://codeload.github.com/roonlabs/node-roon-api-transport/tar.gz/2ee60008a4cdb90c34ff3de58bb4b949067f1d20",
      "integrity": "sha512-XhFE2brw33EWBo3Oo7Aqf5RYqIBK6w/ofnweCZAPhtdfYLEr+WW/w/nl+csRj+itzXQC0BgL3/YYXLcBQYzG4A==",
      "license": "Apache-2.0"
    },
    "node_modules/node-uuid": {
      "version": "1.4.8",
      "resolved": "https://registry.npmjs.org/node-uuid/-/node-uuid-1.4.8.tgz",
      "integrity": "sha512-TkCET/3rr9mUuRp+CpO7qfgT++aAxfDRaalQhwPFzI9BY/2rCDn6OfpZOVggi1AXfTPpfkTrg5f5WQx5G1uLxA==",
      "deprecated": "Use uuid module instead",
      "bin": {
        "uuid": "bin/uuid"
      }
    },
    "node_modules/ws": {
      "version": "8.21.0",
      "resolved": "https://registry.npmjs.org/ws/-/ws-8.21.0.tgz",
      "integrity": "sha512-Vsp28b7DRcimFQvrqu2Wek3z1iYxDCWqHYB8Qsnk/S4RfaCQzPGPyBNuVjJV3cd6UiKtUtp6sNM77gWvzcCH+g==",
      "license": "MIT",
      "engines": {
        "node": ">=10.0.0"
      },
      "peerDependencies": {
        "bufferutil": "^4.0.1",
        "utf-8-validate": ">=5.0.2"
      },
      "peerDependenciesMeta": {
        "bufferutil": {
          "optional": true
        },
        "utf-8-validate": {
          "optional": true
        }
      }
    }
  }
}
